{
  "name": "fancystuff",
  "version": "1.0.0",
  "lockfileVersion": 3,
  "requires": true,
  "packages": {
    "": {
      "name": "fancystuff",
      "version": "1.0.0",
      "dependencies": {
        "inout-loop-rust": "file:../inout-loop-rust/pkg"
      },
      "devDependencies": {}
    },
    "../inout-loop-rust/pkg": {
      "name": "rust-wasm-tutorial",
      "version": "0.1.0"
    },
    "../rust-wasm-tutorial/pkg": {
      "name": "rust-wasm-tutorial",
      "version": "0.1.0",
      "extraneous": true
    },
    "node_modules/inout-loop-rust": {
      "resolved": "../inout-loop-rust/pkg",
      "link": true
    }
  }
}
